
Microsoft Visual Studio Solution File, Format Version 12.00
# Visual Studio 15
VisualStudioVersion = 15.0.28307.271
MinimumVisualStudioVersion = 10.0.40219.1
Project("{FAE04EC0-301F-11D3-BF4B-00C04F79EFBC}") = "DillioRepository", "DillioRepository\DillioRepository.csproj", "{3C923A9F-342C-4F37-9384-566B75C5DAC0}"
EndProject
Project("{FAE04EC0-301F-11D3-BF4B-00C04F79EFBC}") = "DillioAPICore", "DillioAPICore\DillioAPICore.csproj", "{DA4361C8-6163-4506-A049-17998DDAC94F}"
EndProject
Global
	GlobalSection(SolutionConfigurationPlatforms) = preSolution
		Debug|Any CPU = Debug|Any CPU
		Release|Any CPU = Release|Any CPU
	EndGlobalSection
	GlobalSection(ProjectConfigurationPlatforms) = postSolution
		{3C923A9F-342C-4F37-9384-566B75C5DAC0}.Debug|Any CPU.ActiveCfg = Debug|Any CPU
		{3C923A9F-342C-4F37-9384-566B75C5DAC0}.Debug|Any CPU.Build.0 = Debug|Any CPU
		{3C923A9F-342C-4F37-9384-566B75C5DAC0}.Release|Any CPU.ActiveCfg = Release|Any CPU
		{3C923A9F-342C-4F37-9384-566B75C5DAC0}.Release|Any CPU.Build.0 = Release|Any CPU
		{DA4361C8-6163-4506-A049-17998DDAC94F}.Debug|Any CPU.ActiveCfg = Debug|Any CPU
		{DA4361C8-6163-4506-A049-17998DDAC94F}.Debug|Any CPU.Build.0 = Debug|Any CPU
		{DA4361C8-6163-4506-A049-17998DDAC94F}.Release|Any CPU.ActiveCfg = Release|Any CPU
		{DA4361C8-6163-4506-A049-17998DDAC94F}.Release|Any CPU.Build.0 = Release|Any CPU
	EndGlobalSection
	GlobalSection(SolutionProperties) = preSolution
		HideSolutionNode = FALSE
	EndGlobalSection
	GlobalSection(ExtensibilityGlobals) = postSolution
		SolutionGuid = {AF4EDDF0-0F0B-4F9F-8EF8-5567ABA78368}
	EndGlobalSection
EndGlobal
