
Microsoft Visual Studio Solution File, Format Version 12.00
# Visual Studio 15
VisualStudioVersion = 15.0.28307.645
MinimumVisualStudioVersion = 10.0.40219.1
Project("{FAE04EC0-301F-11D3-BF4B-00C04F79EFBC}") = "Dillio-Backend.DAL", "Dillio-Backend.DAL\Dillio-Backend.DAL.csproj", "{7702B6CD-03AD-4D7E-AAD1-6F19781DB239}"
EndProject
Project("{FAE04EC0-301F-11D3-BF4B-00C04F79EFBC}") = "Dillio-Backend.BLL", "Dillio-Backend.BLL\Dillio-Backend.BLL.csproj", "{597F8013-143C-4247-84E0-6D649CE2E6EF}"
EndProject
Project("{FAE04EC0-301F-11D3-BF4B-00C04F79EFBC}") = "Dillio-Backend.API", "Dillio-Backend.API\Dillio-Backend.API.csproj", "{611EC6BB-9C5A-4DF7-AE8D-5A7CBC6CAC3C}"
EndProject
Global
	GlobalSection(SolutionConfigurationPlatforms) = preSolution
		Debug|Any CPU = Debug|Any CPU
		Release|Any CPU = Release|Any CPU
	EndGlobalSection
	GlobalSection(ProjectConfigurationPlatforms) = postSolution
		{7702B6CD-03AD-4D7E-AAD1-6F19781DB239}.Debug|Any CPU.ActiveCfg = Debug|Any CPU
		{7702B6CD-03AD-4D7E-AAD1-6F19781DB239}.Debug|Any CPU.Build.0 = Debug|Any CPU
		{7702B6CD-03AD-4D7E-AAD1-6F19781DB239}.Release|Any CPU.ActiveCfg = Release|Any CPU
		{7702B6CD-03AD-4D7E-AAD1-6F19781DB239}.Release|Any CPU.Build.0 = Release|Any CPU
		{597F8013-143C-4247-84E0-6D649CE2E6EF}.Debug|Any CPU.ActiveCfg = Debug|Any CPU
		{597F8013-143C-4247-84E0-6D649CE2E6EF}.Debug|Any CPU.Build.0 = Debug|Any CPU
		{597F8013-143C-4247-84E0-6D649CE2E6EF}.Release|Any CPU.ActiveCfg = Release|Any CPU
		{597F8013-143C-4247-84E0-6D649CE2E6EF}.Release|Any CPU.Build.0 = Release|Any CPU
		{611EC6BB-9C5A-4DF7-AE8D-5A7CBC6CAC3C}.Debug|Any CPU.ActiveCfg = Debug|Any CPU
		{611EC6BB-9C5A-4DF7-AE8D-5A7CBC6CAC3C}.Debug|Any CPU.Build.0 = Debug|Any CPU
		{611EC6BB-9C5A-4DF7-AE8D-5A7CBC6CAC3C}.Release|Any CPU.ActiveCfg = Release|Any CPU
		{611EC6BB-9C5A-4DF7-AE8D-5A7CBC6CAC3C}.Release|Any CPU.Build.0 = Release|Any CPU
	EndGlobalSection
	GlobalSection(SolutionProperties) = preSolution
		HideSolutionNode = FALSE
	EndGlobalSection
	GlobalSection(ExtensibilityGlobals) = postSolution
		SolutionGuid = {83729504-6FC8-4633-908B-EF370874B890}
	EndGlobalSection
EndGlobal
