
Microsoft Visual Studio Solution File, Format Version 12.00
# Visual Studio 15
VisualStudioVersion = 15.0.28307.271
MinimumVisualStudioVersion = 10.0.40219.1
Project("{FAE04EC0-301F-11D3-BF4B-00C04F79EFBC}") = "DillioProjectRepository", "DAL Dillio Project\DillioProjectRepository.csproj", "{107CC57A-7C79-4098-AA54-9E158FF01827}"
EndProject
Global
	GlobalSection(SolutionConfigurationPlatforms) = preSolution
		Debug|Any CPU = Debug|Any CPU
		Release|Any CPU = Release|Any CPU
	EndGlobalSection
	GlobalSection(ProjectConfigurationPlatforms) = postSolution
		{107CC57A-7C79-4098-AA54-9E158FF01827}.Debug|Any CPU.ActiveCfg = Debug|Any CPU
		{107CC57A-7C79-4098-AA54-9E158FF01827}.Debug|Any CPU.Build.0 = Debug|Any CPU
		{107CC57A-7C79-4098-AA54-9E158FF01827}.Release|Any CPU.ActiveCfg = Release|Any CPU
		{107CC57A-7C79-4098-AA54-9E158FF01827}.Release|Any CPU.Build.0 = Release|Any CPU
	EndGlobalSection
	GlobalSection(SolutionProperties) = preSolution
		HideSolutionNode = FALSE
	EndGlobalSection
	GlobalSection(ExtensibilityGlobals) = postSolution
		SolutionGuid = {FC60B4D2-860D-486C-9288-08EB02A33654}
	EndGlobalSection
EndGlobal
